
Microsoft Visual Studio Solution File, Format Version 12.00
Project("{FAE04EC0-301F-11D3-BF4B-00C04F79EFBC}") = "ApiBlackJak", "ApiBlackJak\ApiBlackJak.csproj", "{385B8FE4-8462-4926-8FBD-6CC79B543C40}"
EndProject
Global
	GlobalSection(SolutionConfigurationPlatforms) = preSolution
		Debug|Any CPU = Debug|Any CPU
		Release|Any CPU = Release|Any CPU
	EndGlobalSection
	GlobalSection(ProjectConfigurationPlatforms) = postSolution
		{385B8FE4-8462-4926-8FBD-6CC79B543C40}.Debug|Any CPU.ActiveCfg = Debug|Any CPU
		{385B8FE4-8462-4926-8FBD-6CC79B543C40}.Debug|Any CPU.Build.0 = Debug|Any CPU
		{385B8FE4-8462-4926-8FBD-6CC79B543C40}.Release|Any CPU.ActiveCfg = Release|Any CPU
		{385B8FE4-8462-4926-8FBD-6CC79B543C40}.Release|Any CPU.Build.0 = Release|Any CPU
	EndGlobalSection
EndGlobal
